// !$*UTF8*$!
{
	archiveVersion = 1;
	classes = {
	};
	objectVersion = 52;
	objects = {

/* Begin PBXBuildFile section */
		48461DD12602740B00265C14 /* Dalton_MailApp.swift in Sources */ = {isa = PBXBuildFile; fileRef = 48461DD02602740B00265C14 /* Dalton_MailApp.swift */; };
		48461DD32602740B00265C14 /* ContentView.swift in Sources */ = {isa = PBXBuildFile; fileRef = 48461DD22602740B00265C14 /* ContentView.swift */; };
		48461DD52602740C00265C14 /* Assets.xcassets in Resources */ = {isa = PBXBuildFile; fileRef = 48461DD42602740C00265C14 /* Assets.xcassets */; };
		48461DD82602740C00265C14 /* Preview Assets.xcassets in Resources */ = {isa = PBXBuildFile; fileRef = 48461DD72602740C00265C14 /* Preview Assets.xcassets */; };
		485C5839260CEDEC00246002 /* MailView.swift in Sources */ = {isa = PBXBuildFile; fileRef = 485C5838260CEDEC00246002 /* MailView.swift */; };
		4870410D260841F5000AB4ED /* SMTP.swift in Sources */ = {isa = PBXBuildFile; fileRef = 4870410C260841F5000AB4ED /* SMTP.swift */; };
		48771E33260BB0270099E30F /* SwiftSMTP in Frameworks */ = {isa = PBXBuildFile; productRef = 48771E32260BB0270099E30F /* SwiftSMTP */; };
		48771E36260BB2540099E30F /* LoginView.swift in Sources */ = {isa = PBXBuildFile; fileRef = 48771E35260BB2540099E30F /* LoginView.swift */; };
/* End PBXBuildFile section */

/* Begin PBXFileReference section */
		48461DCD2602740B00265C14 /* Dalton Mail.app */ = {isa = PBXFileReference; explicitFileType = wrapper.application; includeInIndex = 0; path = "Dalton Mail.app"; sourceTree = BUILT_PRODUCTS_DIR; };
		48461DD02602740B00265C14 /* Dalton_MailApp.swift */ = {isa = PBXFileReference; lastKnownFileType = sourcecode.swift; path = Dalton_MailApp.swift; sourceTree = "<group>"; };
		48461DD22602740B00265C14 /* ContentView.swift */ = {isa = PBXFileReference; lastKnownFileType = sourcecode.swift; path = ContentView.swift; sourceTree = "<group>"; };
		48461DD42602740C00265C14 /* Assets.xcassets */ = {isa = PBXFileReference; lastKnownFileType = folder.assetcatalog; path = Assets.xcassets; sourceTree = "<group>"; };
		48461DD72602740C00265C14 /* Preview Assets.xcassets */ = {isa = PBXFileReference; lastKnownFileType = folder.assetcatalog; path = "Preview Assets.xcassets"; sourceTree = "<group>"; };
		48461DD92602740C00265C14 /* Info.plist */ = {isa = PBXFileReference; lastKnownFileType = text.plist.xml; path = Info.plist; sourceTree = "<group>"; };
		48461DDA2602740C00265C14 /* Dalton_Mail.entitlements */ = {isa = PBXFileReference; lastKnownFileType = text.plist.entitlements; path = Dalton_Mail.entitlements; sourceTree = "<group>"; };
		485C5838260CEDEC00246002 /* MailView.swift */ = {isa = PBXFileReference; lastKnownFileType = sourcecode.swift; path = MailView.swift; sourceTree = "<group>"; };
		4870410C260841F5000AB4ED /* SMTP.swift */ = {isa = PBXFileReference; lastKnownFileType = sourcecode.swift; path = SMTP.swift; sourceTree = "<group>"; };
		48771E35260BB2540099E30F /* LoginView.swift */ = {isa = PBXFileReference; lastKnownFileType = sourcecode.swift; path = LoginView.swift; sourceTree = "<group>"; };
/* End PBXFileReference section */

/* Begin PBXFrameworksBuildPhase section */
		48461DCA2602740B00265C14 /* Frameworks */ = {
			isa = PBXFrameworksBuildPhase;
			buildActionMask = 2147483647;
			files = (
				48771E33260BB0270099E30F /* SwiftSMTP in Frameworks */,
			);
			runOnlyForDeploymentPostprocessing = 0;
		};
/* End PBXFrameworksBuildPhase section */

/* Begin PBXGroup section */
		48461DC42602740B00265C14 = {
			isa = PBXGroup;
			children = (
				48461DCF2602740B00265C14 /* Dalton Mail */,
				48461DCE2602740B00265C14 /* Products */,
			);
			sourceTree = "<group>";
		};
		48461DCE2602740B00265C14 /* Products */ = {
			isa = PBXGroup;
			children = (
				48461DCD2602740B00265C14 /* Dalton Mail.app */,
			);
			name = Products;
			sourceTree = "<group>";
		};
		48461DCF2602740B00265C14 /* Dalton Mail */ = {
			isa = PBXGroup;
			children = (
				48461DD02602740B00265C14 /* Dalton_MailApp.swift */,
				48771E35260BB2540099E30F /* LoginView.swift */,
				485C5838260CEDEC00246002 /* MailView.swift */,
				4870410C260841F5000AB4ED /* SMTP.swift */,
				48461DD22602740B00265C14 /* ContentView.swift */,
				48461DD42602740C00265C14 /* Assets.xcassets */,
				48461DD92602740C00265C14 /* Info.plist */,
				48461DDA2602740C00265C14 /* Dalton_Mail.entitlements */,
				48461DD62602740C00265C14 /* Preview Content */,
			);
			path = "Dalton Mail";
			sourceTree = "<group>";
		};
		48461DD62602740C00265C14 /* Preview Content */ = {
			isa = PBXGroup;
			children = (
				48461DD72602740C00265C14 /* Preview Assets.xcassets */,
			);
			path = "Preview Content";
			sourceTree = "<group>";
		};
/* End PBXGroup section */

/* Begin PBXNativeTarget section */
		48461DCC2602740B00265C14 /* Dalton Mail */ = {
			isa = PBXNativeTarget;
			buildConfigurationList = 48461DDD2602740C00265C14 /* Build configuration list for PBXNativeTarget "Dalton Mail" */;
			buildPhases = (
				48461DC92602740B00265C14 /* Sources */,
				48461DCA2602740B00265C14 /* Frameworks */,
				48461DCB2602740B00265C14 /* Resources */,
			);
			buildRules = (
			);
			dependencies = (
			);
			name = "Dalton Mail";
			packageProductDependencies = (
				48771E32260BB0270099E30F /* SwiftSMTP */,
			);
			productName = "Dalton Mail";
			productReference = 48461DCD2602740B00265C14 /* Dalton Mail.app */;
			productType = "com.apple.product-type.application";
		};
/* End PBXNativeTarget section */

/* Begin PBXProject section */
		48461DC52602740B00265C14 /* Project object */ = {
			isa = PBXProject;
			attributes = {
				LastSwiftUpdateCheck = 1220;
				LastUpgradeCheck = 1220;
				TargetAttributes = {
					48461DCC2602740B00265C14 = {
						CreatedOnToolsVersion = 12.2;
					};
				};
			};
			buildConfigurationList = 48461DC82602740B00265C14 /* Build configuration list for PBXProject "Dalton Mail" */;
			compatibilityVersion = "Xcode 9.3";
			developmentRegion = en;
			hasScannedForEncodings = 0;
			knownRegions = (
				en,
				Base,
			);
			mainGroup = 48461DC42602740B00265C14;
			packageReferences = (
				48771E31260BB0270099E30F /* XCRemoteSwiftPackageReference "Swift-SMTP" */,
			);
			productRefGroup = 48461DCE2602740B00265C14 /* Products */;
			projectDirPath = "";
			projectRoot = "";
			targets = (
				48461DCC2602740B00265C14 /* Dalton Mail */,
			);
		};
/* End PBXProject section */

/* Begin PBXResourcesBuildPhase section */
		48461DCB2602740B00265C14 /* Resources */ = {
			isa = PBXResourcesBuildPhase;
			buildActionMask = 2147483647;
			files = (
				48461DD82602740C00265C14 /* Preview Assets.xcassets in Resources */,
				48461DD52602740C00265C14 /* Assets.xcassets in Resources */,
			);
			runOnlyForDeploymentPostprocessing = 0;
		};
/* End PBXResourcesBuildPhase section */

/* Begin PBXSourcesBuildPhase section */
		48461DC92602740B00265C14 /* Sources */ = {
			isa = PBXSourcesBuildPhase;
			buildActionMask = 2147483647;
			files = (
				4870410D260841F5000AB4ED /* SMTP.swift in Sources */,
				48461DD32602740B00265C14 /* ContentView.swift in Sources */,
				48771E36260BB2540099E30F /* LoginView.swift in Sources */,
				48461DD12602740B00265C14 /* Dalton_MailApp.swift in Sources */,
				485C5839260CEDEC00246002 /* MailView.swift in Sources */,
			);
			runOnlyForDeploymentPostprocessing = 0;
		};
/* End PBXSourcesBuildPhase section */

/* Begin XCBuildConfiguration section */
		48461DDB2602740C00265C14 /* Debug */ = {
			isa = XCBuildConfiguration;
			buildSettings = {
				ALWAYS_SEARCH_USER_PATHS = NO;
				CLANG_ANALYZER_NONNULL = YES;
				CLANG_ANALYZER_NUMBER_OBJECT_CONVERSION = YES_AGGRESSIVE;
				CLANG_CXX_LANGUAGE_STANDARD = "gnu++14";
				CLANG_CXX_LIBRARY = "libc++";
				CLANG_ENABLE_MODULES = YES;
				CLANG_ENABLE_OBJC_ARC = YES;
				CLANG_ENABLE_OBJC_WEAK = YES;
				CLANG_WARN_BLOCK_CAPTURE_AUTORELEASING = YES;
				CLANG_WARN_BOOL_CONVERSION = YES;
				CLANG_WARN_COMMA = YES;
				CLANG_WARN_CONSTANT_CONVERSION = YES;
				CLANG_WARN_DEPRECATED_OBJC_IMPLEMENTATIONS = YES;
				CLANG_WARN_DIRECT_OBJC_ISA_USAGE = YES_ERROR;
				CLANG_WARN_DOCUMENTATION_COMMENTS = YES;
				CLANG_WARN_EMPTY_BODY = YES;
				CLANG_WARN_ENUM_CONVERSION = YES;
				CLANG_WARN_INFINITE_RECURSION = YES;
				CLANG_WARN_INT_CONVERSION = YES;
				CLANG_WARN_NON_LITERAL_NULL_CONVERSION = YES;
				CLANG_WARN_OBJC_IMPLICIT_RETAIN_SELF = YES;
				CLANG_WARN_OBJC_LITERAL_CONVERSION = YES;
				CLANG_WARN_OBJC_ROOT_CLASS = YES_ERROR;
				CLANG_WARN_QUOTED_INCLUDE_IN_FRAMEWORK_HEADER = YES;
				CLANG_WARN_RANGE_LOOP_ANALYSIS = YES;
				CLANG_WARN_STRICT_PROTOTYPES = YES;
				CLANG_WARN_SUSPICIOUS_MOVE = YES;
				CLANG_WARN_UNGUARDED_AVAILABILITY = YES_AGGRESSIVE;
				CLANG_WARN_UNREACHABLE_CODE = YES;
				CLANG_WARN__DUPLICATE_METHOD_MATCH = YES;
				COPY_PHASE_STRIP = NO;
				DEBUG_INFORMATION_FORMAT = dwarf;
				ENABLE_STRICT_OBJC_MSGSEND = YES;
				ENABLE_TESTABILITY = YES;
				GCC_C_LANGUAGE_STANDARD = gnu11;
				GCC_DYNAMIC_NO_PIC = NO;
				GCC_NO_COMMON_BLOCKS = YES;
				GCC_OPTIMIZATION_LEVEL = 0;
				GCC_PREPROCESSOR_DEFINITIONS = (
					"DEBUG=1",
					"$(inherited)",
				);
				GCC_WARN_64_TO_32_BIT_CONVERSION = YES;
				GCC_WARN_ABOUT_RETURN_TYPE = YES_ERROR;
				GCC_WARN_UNDECLARED_SELECTOR = YES;
				GCC_WARN_UNINITIALIZED_AUTOS = YES_AGGRESSIVE;
				GCC_WARN_UNUSED_FUNCTION = YES;
				GCC_WARN_UNUSED_VARIABLE = YES;
				MACOSX_DEPLOYMENT_TARGET = 10.15;
				MTL_ENABLE_DEBUG_INFO = INCLUDE_SOURCE;
				MTL_FAST_MATH = YES;
				ONLY_ACTIVE_ARCH = YES;
				SDKROOT = macosx;
				SWIFT_ACTIVE_COMPILATION_CONDITIONS = DEBUG;
				SWIFT_OPTIMIZATION_LEVEL = "-Onone";
			};
			name = Debug;
		};
		48461DDC2602740C00265C14 /* Release */ = {
			isa = XCBuildConfiguration;
			buildSettings = {
				ALWAYS_SEARCH_USER_PATHS = NO;
				CLANG_ANALYZER_NONNULL = YES;
				CLANG_ANALYZER_NUMBER_OBJECT_CONVERSION = YES_AGGRESSIVE;
				CLANG_CXX_LANGUAGE_STANDARD = "gnu++14";
				CLANG_CXX_LIBRARY = "libc++";
				CLANG_ENABLE_MODULES = YES;
				CLANG_ENABLE_OBJC_ARC = YES;
				CLANG_ENABLE_OBJC_WEAK = YES;
				CLANG_WARN_BLOCK_CAPTURE_AUTORELEASING = YES;
				CLANG_WARN_BOOL_CONVERSION = YES;
				CLANG_WARN_COMMA = YES;
				CLANG_WARN_CONSTANT_CONVERSION = YES;
				CLANG_WARN_DEPRECATED_OBJC_IMPLEMENTATIONS = YES;
				CLANG_WARN_DIRECT_OBJC_ISA_USAGE = YES_ERROR;
				CLANG_WARN_DOCUMENTATION_COMMENTS = YES;
				CLANG_WARN_EMPTY_BODY = YES;
				CLANG_WARN_ENUM_CONVERSION = YES;
				CLANG_WARN_INFINITE_RECURSION = YES;
				CLANG_WARN_INT_CONVERSION = YES;
				CLANG_WARN_NON_LITERAL_NULL_CONVERSION = YES;
				CLANG_WARN_OBJC_IMPLICIT_RETAIN_SELF = YES;
				CLANG_WARN_OBJC_LITERAL_CONVERSION = YES;
				CLANG_WARN_OBJC_ROOT_CLASS = YES_ERROR;
				CLANG_WARN_QUOTED_INCLUDE_IN_FRAMEWORK_HEADER = YES;
				CLANG_WARN_RANGE_LOOP_ANALYSIS = YES;
				CLANG_WARN_STRICT_PROTOTYPES = YES;
				CLANG_WARN_SUSPICIOUS_MOVE = YES;
				CLANG_WARN_UNGUARDED_AVAILABILITY = YES_AGGRESSIVE;
				CLANG_WARN_UNREACHABLE_CODE = YES;
				CLANG_WARN__DUPLICATE_METHOD_MATCH = YES;
				COPY_PHASE_STRIP = NO;
				DEBUG_INFORMATION_FORMAT = "dwarf-with-dsym";
				ENABLE_NS_ASSERTIONS = NO;
				ENABLE_STRICT_OBJC_MSGSEND = YES;
				GCC_C_LANGUAGE_STANDARD = gnu11;
				GCC_NO_COMMON_BLOCKS = YES;
				GCC_WARN_64_TO_32_BIT_CONVERSION = YES;
				GCC_WARN_ABOUT_RETURN_TYPE = YES_ERROR;
				GCC_WARN_UNDECLARED_SELECTOR = YES;
				GCC_WARN_UNINITIALIZED_AUTOS = YES_AGGRESSIVE;
				GCC_WARN_UNUSED_FUNCTION = YES;
				GCC_WARN_UNUSED_VARIABLE = YES;
				MACOSX_DEPLOYMENT_TARGET = 10.15;
				MTL_ENABLE_DEBUG_INFO = NO;
				MTL_FAST_MATH = YES;
				SDKROOT = macosx;
				SWIFT_COMPILATION_MODE = wholemodule;
				SWIFT_OPTIMIZATION_LEVEL = "-O";
			};
			name = Release;
		};
		48461DDE2602740C00265C14 /* Debug */ = {
			isa = XCBuildConfiguration;
			buildSettings = {
				ASSETCATALOG_COMPILER_APPICON_NAME = AppIcon;
				ASSETCATALOG_COMPILER_GLOBAL_ACCENT_COLOR_NAME = AccentColor;
				CODE_SIGN_ENTITLEMENTS = "Dalton Mail/Dalton_Mail.entitlements";
				CODE_SIGN_STYLE = Automatic;
				COMBINE_HIDPI_IMAGES = YES;
				DEVELOPMENT_ASSET_PATHS = "\"Dalton Mail/Preview Content\"";
				DEVELOPMENT_TEAM = NXHV9N6K45;
				ENABLE_HARDENED_RUNTIME = YES;
				ENABLE_PREVIEWS = YES;
				INFOPLIST_FILE = "Dalton Mail/Info.plist";
				LD_RUNPATH_SEARCH_PATHS = (
					"$(inherited)",
					"@executable_path/../Frameworks",
				);
				MACOSX_DEPLOYMENT_TARGET = 11.0;
				PRODUCT_BUNDLE_IDENTIFIER = "ldhsoftware.Dalton-Mail";
				PRODUCT_NAME = "$(TARGET_NAME)";
				SWIFT_VERSION = 5.0;
			};
			name = Debug;
		};
		48461DDF2602740C00265C14 /* Release */ = {
			isa = XCBuildConfiguration;
			buildSettings = {
				ASSETCATALOG_COMPILER_APPICON_NAME = AppIcon;
				ASSETCATALOG_COMPILER_GLOBAL_ACCENT_COLOR_NAME = AccentColor;
				CODE_SIGN_ENTITLEMENTS = "Dalton Mail/Dalton_Mail.entitlements";
				CODE_SIGN_STYLE = Automatic;
				COMBINE_HIDPI_IMAGES = YES;
				DEVELOPMENT_ASSET_PATHS = "\"Dalton Mail/Preview Content\"";
				DEVELOPMENT_TEAM = NXHV9N6K45;
				ENABLE_HARDENED_RUNTIME = YES;
				ENABLE_PREVIEWS = YES;
				INFOPLIST_FILE = "Dalton Mail/Info.plist";
				LD_RUNPATH_SEARCH_PATHS = (
					"$(inherited)",
					"@executable_path/../Frameworks",
				);
				MACOSX_DEPLOYMENT_TARGET = 11.0;
				PRODUCT_BUNDLE_IDENTIFIER = "ldhsoftware.Dalton-Mail";
				PRODUCT_NAME = "$(TARGET_NAME)";
				SWIFT_VERSION = 5.0;
			};
			name = Release;
		};
/* End XCBuildConfiguration section */

/* Begin XCConfigurationList section */
		48461DC82602740B00265C14 /* Build configuration list for PBXProject "Dalton Mail" */ = {
			isa = XCConfigurationList;
			buildConfigurations = (
				48461DDB2602740C00265C14 /* Debug */,
				48461DDC2602740C00265C14 /* Release */,
			);
			defaultConfigurationIsVisible = 0;
			defaultConfigurationName = Release;
		};
		48461DDD2602740C00265C14 /* Build configuration list for PBXNativeTarget "Dalton Mail" */ = {
			isa = XCConfigurationList;
			buildConfigurations = (
				48461DDE2602740C00265C14 /* Debug */,
				48461DDF2602740C00265C14 /* Release */,
			);
			defaultConfigurationIsVisible = 0;
			defaultConfigurationName = Release;
		};
/* End XCConfigurationList section */

/* Begin XCRemoteSwiftPackageReference section */
		48771E31260BB0270099E30F /* XCRemoteSwiftPackageReference "Swift-SMTP" */ = {
			isa = XCRemoteSwiftPackageReference;
			repositoryURL = "https://github.com/Kitura/Swift-SMTP";
			requirement = {
				kind = upToNextMajorVersion;
				minimumVersion = 5.1.200;
			};
		};
/* End XCRemoteSwiftPackageReference section */

/* Begin XCSwiftPackageProductDependency section */
		48771E32260BB0270099E30F /* SwiftSMTP */ = {
			isa = XCSwiftPackageProductDependency;
			package = 48771E31260BB0270099E30F /* XCRemoteSwiftPackageReference "Swift-SMTP" */;
			productName = SwiftSMTP;
		};
/* End XCSwiftPackageProductDependency section */
	};
	rootObject = 48461DC52602740B00265C14 /* Project object */;
}
